
Microsoft Visual Studio Solution File, Format Version 12.00
# Visual Studio Version 16
VisualStudioVersion = 16.0.28922.388
MinimumVisualStudioVersion = 10.0.40219.1
Project("{FAE04EC0-301F-11D3-BF4B-00C04F79EFBC}") = "dynamic length", "dynamic length\dynamic length.csproj", "{FFE2C619-FE1E-4DBB-B974-70D9F961B97D}"
EndProject
Global
	GlobalSection(SolutionConfigurationPlatforms) = preSolution
		Debug|Any CPU = Debug|Any CPU
		Release|Any CPU = Release|Any CPU
	EndGlobalSection
	GlobalSection(ProjectConfigurationPlatforms) = postSolution
		{FFE2C619-FE1E-4DBB-B974-70D9F961B97D}.Debug|Any CPU.ActiveCfg = Debug|Any CPU
		{FFE2C619-FE1E-4DBB-B974-70D9F961B97D}.Debug|Any CPU.Build.0 = Debug|Any CPU
		{FFE2C619-FE1E-4DBB-B974-70D9F961B97D}.Release|Any CPU.ActiveCfg = Release|Any CPU
		{FFE2C619-FE1E-4DBB-B974-70D9F961B97D}.Release|Any CPU.Build.0 = Release|Any CPU
	EndGlobalSection
	GlobalSection(SolutionProperties) = preSolution
		HideSolutionNode = FALSE
	EndGlobalSection
	GlobalSection(ExtensibilityGlobals) = postSolution
		SolutionGuid = {748AEA45-6D2A-40E8-979B-C25F5CF06CCD}
	EndGlobalSection
EndGlobal
